
Microsoft Visual Studio Solution File, Format Version 12.00
# Visual Studio 15
VisualStudioVersion = 15.0.26430.16
MinimumVisualStudioVersion = 10.0.40219.1
Project("{FAE04EC0-301F-11D3-BF4B-00C04F79EFBC}") = "libBSA", "libBSA\libBSA.csproj", "{F5CF3830-F5FB-43B9-8DCE-D970757C7EBD}"
EndProject
Project("{2150E333-8FDC-42A3-9474-1A3956D46DE8}") = "Solution Items", "Solution Items", "{4578E474-69BC-4C0F-880B-60555198C112}"
	ProjectSection(SolutionItems) = preProject
		.gitignore = .gitignore
		LICENSE = LICENSE
		README.md = README.md
	EndProjectSection
EndProject
Project("{FAE04EC0-301F-11D3-BF4B-00C04F79EFBC}") = "libBSA.Tests", "libBSA.Tests\libBSA.Tests.csproj", "{0EB0A46B-5163-4EEC-B09D-5D1DA669164D}"
EndProject
Global
	GlobalSection(SolutionConfigurationPlatforms) = preSolution
		Debug|Any CPU = Debug|Any CPU
		Release|Any CPU = Release|Any CPU
	EndGlobalSection
	GlobalSection(ProjectConfigurationPlatforms) = postSolution
		{F5CF3830-F5FB-43B9-8DCE-D970757C7EBD}.Debug|Any CPU.ActiveCfg = Debug|Any CPU
		{F5CF3830-F5FB-43B9-8DCE-D970757C7EBD}.Debug|Any CPU.Build.0 = Debug|Any CPU
		{F5CF3830-F5FB-43B9-8DCE-D970757C7EBD}.Release|Any CPU.ActiveCfg = Release|Any CPU
		{F5CF3830-F5FB-43B9-8DCE-D970757C7EBD}.Release|Any CPU.Build.0 = Release|Any CPU
		{0EB0A46B-5163-4EEC-B09D-5D1DA669164D}.Debug|Any CPU.ActiveCfg = Debug|Any CPU
		{0EB0A46B-5163-4EEC-B09D-5D1DA669164D}.Debug|Any CPU.Build.0 = Debug|Any CPU
		{0EB0A46B-5163-4EEC-B09D-5D1DA669164D}.Release|Any CPU.ActiveCfg = Release|Any CPU
		{0EB0A46B-5163-4EEC-B09D-5D1DA669164D}.Release|Any CPU.Build.0 = Release|Any CPU
	EndGlobalSection
	GlobalSection(SolutionProperties) = preSolution
		HideSolutionNode = FALSE
	EndGlobalSection
EndGlobal
